
Microsoft Visual Studio Solution File, Format Version 12.00
# Visual Studio Version 16
VisualStudioVersion = 16.0.31729.503
MinimumVisualStudioVersion = 10.0.40219.1
Project("{2150E333-8FDC-42A3-9474-1A3956D46DE8}") = "Tests", "Tests", "{0BEE5C10-2003-4811-A229-FEAC0A8C0E63}"
EndProject
Project("{FAE04EC0-301F-11D3-BF4B-00C04F79EFBC}") = "StockAnalyzer.Framework", "StockAnalyzer\StockAnalyzer.Framework.csproj", "{BCDAA140-6947-4301-8C57-FD69722755AB}"
EndProject
Project("{FAE04EC0-301F-11D3-BF4B-00C04F79EFBC}") = "StockAnalyzer.WebApi", "StockAnalyzer.WebApi\StockAnalyzer.WebApi.csproj", "{A76D655E-90A5-43B6-A76A-E5E22D71D375}"
EndProject
Project("{FAE04EC0-301F-11D3-BF4B-00C04F79EFBC}") = "StockAnalyzer.WebApi.Tests", "Tests\StockAnalyzer.WebApi.Tests\StockAnalyzer.WebApi.Tests.csproj", "{2096EC72-FF57-4DB3-A48D-247EE302AA4A}"
EndProject
Project("{FAE04EC0-301F-11D3-BF4B-00C04F79EFBC}") = "StockAnalyzer.Services", "StockAnalyzer.Services\StockAnalyzer.Services.csproj", "{F92D03E2-7655-4970-9968-3AC65FDAC0B2}"
EndProject
Project("{FAE04EC0-301F-11D3-BF4B-00C04F79EFBC}") = "StockAnalyzer.Tests", "Tests\StockAnalyzer.Tests\StockAnalyzer.Tests.csproj", "{8EDF4429-251A-416D-BB68-93F227191BCF}"
EndProject
Project("{FAE04EC0-301F-11D3-BF4B-00C04F79EFBC}") = "StockAnalyzer.Models", "StockAnalyzer.Models\StockAnalyzer.Models.csproj", "{EC4C27A9-A198-4176-8D68-986B1DEA22C5}"
EndProject
Project("{FAE04EC0-301F-11D3-BF4B-00C04F79EFBC}") = "StockAnalyzer.Contracts", "StockAnalyzer.Contracts\StockAnalyzer.Contracts.csproj", "{6B0E0A94-8412-45CC-8E18-5ECD2DB16935}"
EndProject
Global
	GlobalSection(SolutionConfigurationPlatforms) = preSolution
		Debug|Any CPU = Debug|Any CPU
		Release|Any CPU = Release|Any CPU
	EndGlobalSection
	GlobalSection(ProjectConfigurationPlatforms) = postSolution
		{BCDAA140-6947-4301-8C57-FD69722755AB}.Debug|Any CPU.ActiveCfg = Debug|Any CPU
		{BCDAA140-6947-4301-8C57-FD69722755AB}.Debug|Any CPU.Build.0 = Debug|Any CPU
		{BCDAA140-6947-4301-8C57-FD69722755AB}.Release|Any CPU.ActiveCfg = Release|Any CPU
		{BCDAA140-6947-4301-8C57-FD69722755AB}.Release|Any CPU.Build.0 = Release|Any CPU
		{A76D655E-90A5-43B6-A76A-E5E22D71D375}.Debug|Any CPU.ActiveCfg = Debug|Any CPU
		{A76D655E-90A5-43B6-A76A-E5E22D71D375}.Debug|Any CPU.Build.0 = Debug|Any CPU
		{A76D655E-90A5-43B6-A76A-E5E22D71D375}.Release|Any CPU.ActiveCfg = Release|Any CPU
		{A76D655E-90A5-43B6-A76A-E5E22D71D375}.Release|Any CPU.Build.0 = Release|Any CPU
		{2096EC72-FF57-4DB3-A48D-247EE302AA4A}.Debug|Any CPU.ActiveCfg = Debug|Any CPU
		{2096EC72-FF57-4DB3-A48D-247EE302AA4A}.Debug|Any CPU.Build.0 = Debug|Any CPU
		{2096EC72-FF57-4DB3-A48D-247EE302AA4A}.Release|Any CPU.ActiveCfg = Release|Any CPU
		{2096EC72-FF57-4DB3-A48D-247EE302AA4A}.Release|Any CPU.Build.0 = Release|Any CPU
		{F92D03E2-7655-4970-9968-3AC65FDAC0B2}.Debug|Any CPU.ActiveCfg = Debug|Any CPU
		{F92D03E2-7655-4970-9968-3AC65FDAC0B2}.Debug|Any CPU.Build.0 = Debug|Any CPU
		{F92D03E2-7655-4970-9968-3AC65FDAC0B2}.Release|Any CPU.ActiveCfg = Release|Any CPU
		{F92D03E2-7655-4970-9968-3AC65FDAC0B2}.Release|Any CPU.Build.0 = Release|Any CPU
		{8EDF4429-251A-416D-BB68-93F227191BCF}.Debug|Any CPU.ActiveCfg = Debug|Any CPU
		{8EDF4429-251A-416D-BB68-93F227191BCF}.Debug|Any CPU.Build.0 = Debug|Any CPU
		{8EDF4429-251A-416D-BB68-93F227191BCF}.Release|Any CPU.ActiveCfg = Release|Any CPU
		{8EDF4429-251A-416D-BB68-93F227191BCF}.Release|Any CPU.Build.0 = Release|Any CPU
		{EC4C27A9-A198-4176-8D68-986B1DEA22C5}.Debug|Any CPU.ActiveCfg = Debug|Any CPU
		{EC4C27A9-A198-4176-8D68-986B1DEA22C5}.Debug|Any CPU.Build.0 = Debug|Any CPU
		{EC4C27A9-A198-4176-8D68-986B1DEA22C5}.Release|Any CPU.ActiveCfg = Release|Any CPU
		{EC4C27A9-A198-4176-8D68-986B1DEA22C5}.Release|Any CPU.Build.0 = Release|Any CPU
		{6B0E0A94-8412-45CC-8E18-5ECD2DB16935}.Debug|Any CPU.ActiveCfg = Debug|Any CPU
		{6B0E0A94-8412-45CC-8E18-5ECD2DB16935}.Debug|Any CPU.Build.0 = Debug|Any CPU
		{6B0E0A94-8412-45CC-8E18-5ECD2DB16935}.Release|Any CPU.ActiveCfg = Release|Any CPU
		{6B0E0A94-8412-45CC-8E18-5ECD2DB16935}.Release|Any CPU.Build.0 = Release|Any CPU
	EndGlobalSection
	GlobalSection(SolutionProperties) = preSolution
		HideSolutionNode = FALSE
	EndGlobalSection
	GlobalSection(NestedProjects) = preSolution
		{2096EC72-FF57-4DB3-A48D-247EE302AA4A} = {0BEE5C10-2003-4811-A229-FEAC0A8C0E63}
		{8EDF4429-251A-416D-BB68-93F227191BCF} = {0BEE5C10-2003-4811-A229-FEAC0A8C0E63}
	EndGlobalSection
	GlobalSection(ExtensibilityGlobals) = postSolution
		SolutionGuid = {E2A7B850-B5F4-4397-9E60-D59756CD7B72}
	EndGlobalSection
EndGlobal
