
Microsoft Visual Studio Solution File, Format Version 12.00
# Visual Studio Version 16
VisualStudioVersion = 16.0.31729.503
MinimumVisualStudioVersion = 10.0.40219.1
Project("{2150E333-8FDC-42A3-9474-1A3956D46DE8}") = "Tests", "Tests", "{0BEE5C10-2003-4811-A229-FEAC0A8C0E63}"
EndProject
Project("{FAE04EC0-301F-11D3-BF4B-00C04F79EFBC}") = "StockAnalyzer.Services", "StockAnalyzer.Services\StockAnalyzer.Services.csproj", "{F92D03E2-7655-4970-9968-3AC65FDAC0B2}"
EndProject
Project("{FAE04EC0-301F-11D3-BF4B-00C04F79EFBC}") = "StockAnalyzer.Models", "StockAnalyzer.Models\StockAnalyzer.Models.csproj", "{EC4C27A9-A198-4176-8D68-986B1DEA22C5}"
EndProject
Project("{FAE04EC0-301F-11D3-BF4B-00C04F79EFBC}") = "StockAnalyzer.Repositories", "StockAnalyzer.Repositories\StockAnalyzer.Repositories.csproj", "{8B7835CB-FD76-4474-B3B8-E88742009117}"
EndProject
Project("{FAE04EC0-301F-11D3-BF4B-00C04F79EFBC}") = "StockAnalyzer.Entities", "StockAnalyzer.Entities\StockAnalyzer.Entities.csproj", "{8385AB2C-1A97-4985-B5DC-24EDE03984E2}"
EndProject
Project("{FAE04EC0-301F-11D3-BF4B-00C04F79EFBC}") = "StockAnalyzer.Data", "StockAnalyzer.Data\StockAnalyzer.Data.csproj", "{F102026C-3DA8-4E8F-960C-AEB0AE0123F8}"
EndProject
Project("{FAE04EC0-301F-11D3-BF4B-00C04F79EFBC}") = "StockAnalyzer.Framework", "StockAnalyzer\StockAnalyzer.Framework.csproj", "{47FBC6E4-340C-4FEB-96F2-C2D49AC8C691}"
EndProject
Project("{FAE04EC0-301F-11D3-BF4B-00C04F79EFBC}") = "StockAnalyzer.WebApi", "StockAnalyzer.WebApi\StockAnalyzer.WebApi.csproj", "{2CBD50E6-E20D-4F4D-9B68-E1597CCF6C3F}"
EndProject
Global
	GlobalSection(SolutionConfigurationPlatforms) = preSolution
		Debug|Any CPU = Debug|Any CPU
		Release|Any CPU = Release|Any CPU
	EndGlobalSection
	GlobalSection(ProjectConfigurationPlatforms) = postSolution
		{F92D03E2-7655-4970-9968-3AC65FDAC0B2}.Debug|Any CPU.ActiveCfg = Debug|Any CPU
		{F92D03E2-7655-4970-9968-3AC65FDAC0B2}.Debug|Any CPU.Build.0 = Debug|Any CPU
		{F92D03E2-7655-4970-9968-3AC65FDAC0B2}.Release|Any CPU.ActiveCfg = Release|Any CPU
		{F92D03E2-7655-4970-9968-3AC65FDAC0B2}.Release|Any CPU.Build.0 = Release|Any CPU
		{EC4C27A9-A198-4176-8D68-986B1DEA22C5}.Debug|Any CPU.ActiveCfg = Debug|Any CPU
		{EC4C27A9-A198-4176-8D68-986B1DEA22C5}.Debug|Any CPU.Build.0 = Debug|Any CPU
		{EC4C27A9-A198-4176-8D68-986B1DEA22C5}.Release|Any CPU.ActiveCfg = Release|Any CPU
		{EC4C27A9-A198-4176-8D68-986B1DEA22C5}.Release|Any CPU.Build.0 = Release|Any CPU
		{8B7835CB-FD76-4474-B3B8-E88742009117}.Debug|Any CPU.ActiveCfg = Debug|Any CPU
		{8B7835CB-FD76-4474-B3B8-E88742009117}.Debug|Any CPU.Build.0 = Debug|Any CPU
		{8B7835CB-FD76-4474-B3B8-E88742009117}.Release|Any CPU.ActiveCfg = Release|Any CPU
		{8B7835CB-FD76-4474-B3B8-E88742009117}.Release|Any CPU.Build.0 = Release|Any CPU
		{8385AB2C-1A97-4985-B5DC-24EDE03984E2}.Debug|Any CPU.ActiveCfg = Debug|Any CPU
		{8385AB2C-1A97-4985-B5DC-24EDE03984E2}.Debug|Any CPU.Build.0 = Debug|Any CPU
		{8385AB2C-1A97-4985-B5DC-24EDE03984E2}.Release|Any CPU.ActiveCfg = Release|Any CPU
		{8385AB2C-1A97-4985-B5DC-24EDE03984E2}.Release|Any CPU.Build.0 = Release|Any CPU
		{F102026C-3DA8-4E8F-960C-AEB0AE0123F8}.Debug|Any CPU.ActiveCfg = Debug|Any CPU
		{F102026C-3DA8-4E8F-960C-AEB0AE0123F8}.Debug|Any CPU.Build.0 = Debug|Any CPU
		{F102026C-3DA8-4E8F-960C-AEB0AE0123F8}.Release|Any CPU.ActiveCfg = Release|Any CPU
		{F102026C-3DA8-4E8F-960C-AEB0AE0123F8}.Release|Any CPU.Build.0 = Release|Any CPU
		{47FBC6E4-340C-4FEB-96F2-C2D49AC8C691}.Debug|Any CPU.ActiveCfg = Debug|Any CPU
		{47FBC6E4-340C-4FEB-96F2-C2D49AC8C691}.Debug|Any CPU.Build.0 = Debug|Any CPU
		{47FBC6E4-340C-4FEB-96F2-C2D49AC8C691}.Release|Any CPU.ActiveCfg = Release|Any CPU
		{47FBC6E4-340C-4FEB-96F2-C2D49AC8C691}.Release|Any CPU.Build.0 = Release|Any CPU
		{2CBD50E6-E20D-4F4D-9B68-E1597CCF6C3F}.Debug|Any CPU.ActiveCfg = Debug|Any CPU
		{2CBD50E6-E20D-4F4D-9B68-E1597CCF6C3F}.Debug|Any CPU.Build.0 = Debug|Any CPU
		{2CBD50E6-E20D-4F4D-9B68-E1597CCF6C3F}.Release|Any CPU.ActiveCfg = Release|Any CPU
		{2CBD50E6-E20D-4F4D-9B68-E1597CCF6C3F}.Release|Any CPU.Build.0 = Release|Any CPU
	EndGlobalSection
	GlobalSection(SolutionProperties) = preSolution
		HideSolutionNode = FALSE
	EndGlobalSection
	GlobalSection(ExtensibilityGlobals) = postSolution
		SolutionGuid = {E2A7B850-B5F4-4397-9E60-D59756CD7B72}
	EndGlobalSection
EndGlobal
